<?xml version="1.0" encoding="UTF-8" standalone="yes" ?>
<CodeBlocks_project_file>
	<FileVersion major="1" minor="6" />
	<Project>
		<Option title="windows_sdl" />
		<Option pch_mode="2" />
		<Option compiler="gcc" />
		<Build>
			<Target title="Debug">
				<Option output="bin/Debug/windows_sdl" prefix_auto="1" extension_auto="1" />
				<Option object_output="obj/Debug/" />
				<Option type="1" />
				<Option compiler="gcc" />
				<Compiler>
					<Add option="-g -O2 -Wall -Werror -lSDL -Iinclude -I." />
				</Compiler>
			</Target>
			<Target title="Release">
				<Option output="bin/Release/windows_sdl" prefix_auto="1" extension_auto="1" />
				<Option object_output="obj/Release/" />
				<Option type="0" />
				<Option compiler="gcc" />
				<Compiler>
					<Add option="-O2 -Wall -Werror -lSDL -Iinclude -I." />
				</Compiler>
				<Linker>
					<Add option="-s" />
				</Linker>
			</Target>
		</Build>
		<Compiler>
			<Add option="-Wall" />
			<Add directory="F:/lib/SDL-devel-1.2.15-mingw32/SDL-1.2.15/include" />
		</Compiler>
		<Linker>
			<Add library="mingw32" />
			<Add library="SDLmain" />
			<Add library="SDL.dll" />
			<Add library="user32" />
			<Add library="gdi32" />
			<Add library="winmm" />
			<Add library="dxguid" />
			<Add directory="F:/lib/SDL-devel-1.2.15-mingw32/SDL-1.2.15/lib" />
		</Linker>
		<Unit filename="src\bomb.cpp" />
		<Unit filename="src\bullet.cpp" />
		<Unit filename="src\game.cpp" />
		<Unit filename="src\item.cpp" />
		<Unit filename="src\main.cpp" />
		<Unit filename="src\msg.cpp" />
		<Unit filename="src\plane.cpp" />
		<Unit filename="src\player.cpp" />
		<Unit filename="src\plot.cpp" />
		<Unit filename="src\xbullets.cpp" />
		<Unit filename="src\resource\font.cpp" />
		<Unit filename="src\resource\res.cpp" />
		<Unit filename="src\resource\video.cpp" />

		<Unit filename="include\bomb.h" />
		<Unit filename="include\bullet.h" />
		<Unit filename="include\common.h" />
		<Unit filename="include\debug.h" />
		<Unit filename="include\item.h" />
		<Unit filename="include\msg.h" />
		<Unit filename="include\plane.h" />
		<Unit filename="include\plot.h" />
		<Unit filename="include\resource\video.h" />
		<Extensions>
			<code_completion />
			<envvars />
			<debugger />
			<lib_finder disable_auto="1" />
		</Extensions>
	</Project>
</CodeBlocks_project_file>
